
Microsoft Visual Studio Solution File, Format Version 12.00
# Visual Studio Version 17
VisualStudioVersion = 17.0.31912.275
MinimumVisualStudioVersion = 10.0.40219.1
Project("{9A19103F-16F7-4668-BE54-9A1E7A4F7556}") = "CustomerOrder.Core", "CustomerOrder.Core\CustomerOrder.Core.csproj", "{AF051459-4836-4F0D-8717-2DEFA4F53E26}"
EndProject
Project("{9A19103F-16F7-4668-BE54-9A1E7A4F7556}") = "CustomerOrder.Repository", "CustomerOrder.Repository\CustomerOrder.Repository.csproj", "{444D4576-3C7B-4247-9717-C0C67C4EA9B7}"
EndProject
Project("{9A19103F-16F7-4668-BE54-9A1E7A4F7556}") = "CustomerOrder.Service", "CustomerOrder.Service\CustomerOrder.Service.csproj", "{4E1FADD3-D7D0-4AD5-9771-0C1769F48D48}"
EndProject
Project("{9A19103F-16F7-4668-BE54-9A1E7A4F7556}") = "CustomerOrder.API", "CustomerOrder.API\CustomerOrder.API.csproj", "{ECC63759-2849-44A4-849E-AE40BF64429F}"
EndProject
Project("{9A19103F-16F7-4668-BE54-9A1E7A4F7556}") = "CustomerOrder.Test", "CustomerOrder.Test\CustomerOrder.Test.csproj", "{19D8209A-4B4E-499B-821E-6AEF1893DE51}"
EndProject
Global
	GlobalSection(SolutionConfigurationPlatforms) = preSolution
		Debug|Any CPU = Debug|Any CPU
		Release|Any CPU = Release|Any CPU
	EndGlobalSection
	GlobalSection(ProjectConfigurationPlatforms) = postSolution
		{AF051459-4836-4F0D-8717-2DEFA4F53E26}.Debug|Any CPU.ActiveCfg = Debug|Any CPU
		{AF051459-4836-4F0D-8717-2DEFA4F53E26}.Debug|Any CPU.Build.0 = Debug|Any CPU
		{AF051459-4836-4F0D-8717-2DEFA4F53E26}.Release|Any CPU.ActiveCfg = Release|Any CPU
		{AF051459-4836-4F0D-8717-2DEFA4F53E26}.Release|Any CPU.Build.0 = Release|Any CPU
		{444D4576-3C7B-4247-9717-C0C67C4EA9B7}.Debug|Any CPU.ActiveCfg = Debug|Any CPU
		{444D4576-3C7B-4247-9717-C0C67C4EA9B7}.Debug|Any CPU.Build.0 = Debug|Any CPU
		{444D4576-3C7B-4247-9717-C0C67C4EA9B7}.Release|Any CPU.ActiveCfg = Release|Any CPU
		{444D4576-3C7B-4247-9717-C0C67C4EA9B7}.Release|Any CPU.Build.0 = Release|Any CPU
		{4E1FADD3-D7D0-4AD5-9771-0C1769F48D48}.Debug|Any CPU.ActiveCfg = Debug|Any CPU
		{4E1FADD3-D7D0-4AD5-9771-0C1769F48D48}.Debug|Any CPU.Build.0 = Debug|Any CPU
		{4E1FADD3-D7D0-4AD5-9771-0C1769F48D48}.Release|Any CPU.ActiveCfg = Release|Any CPU
		{4E1FADD3-D7D0-4AD5-9771-0C1769F48D48}.Release|Any CPU.Build.0 = Release|Any CPU
		{ECC63759-2849-44A4-849E-AE40BF64429F}.Debug|Any CPU.ActiveCfg = Debug|Any CPU
		{ECC63759-2849-44A4-849E-AE40BF64429F}.Debug|Any CPU.Build.0 = Debug|Any CPU
		{ECC63759-2849-44A4-849E-AE40BF64429F}.Release|Any CPU.ActiveCfg = Release|Any CPU
		{ECC63759-2849-44A4-849E-AE40BF64429F}.Release|Any CPU.Build.0 = Release|Any CPU
		{19D8209A-4B4E-499B-821E-6AEF1893DE51}.Debug|Any CPU.ActiveCfg = Debug|Any CPU
		{19D8209A-4B4E-499B-821E-6AEF1893DE51}.Debug|Any CPU.Build.0 = Debug|Any CPU
		{19D8209A-4B4E-499B-821E-6AEF1893DE51}.Release|Any CPU.ActiveCfg = Release|Any CPU
		{19D8209A-4B4E-499B-821E-6AEF1893DE51}.Release|Any CPU.Build.0 = Release|Any CPU
	EndGlobalSection
	GlobalSection(SolutionProperties) = preSolution
		HideSolutionNode = FALSE
	EndGlobalSection
	GlobalSection(ExtensibilityGlobals) = postSolution
		SolutionGuid = {6ABFE482-3ECE-4B1D-8E90-D0F8159170F9}
	EndGlobalSection
EndGlobal
